
Microsoft Visual Studio Solution File, Format Version 12.00
# Visual Studio Version 17
VisualStudioVersion = 17.6.33815.320
MinimumVisualStudioVersion = 10.0.40219.1
Project("{FAE04EC0-301F-11D3-BF4B-00C04F79EFBC}") = "TradeJournalManager.Core", "TradeJournalManager\TradeJournalManager.Core.csproj", "{B9A41714-A45C-4165-99E8-B6B415A94A78}"
EndProject
Project("{FAE04EC0-301F-11D3-BF4B-00C04F79EFBC}") = "TradeJournalManager.Domain", "TradeJournalManager.Domain\TradeJournalManager.Domain.csproj", "{BD5FC32E-3F06-4561-9249-590C504A3288}"
EndProject
Project("{FAE04EC0-301F-11D3-BF4B-00C04F79EFBC}") = "TradeJournalManager.Forms", "TradeJournalManager.Forms\TradeJournalManager.Forms.csproj", "{12AD23E8-F284-4AA3-B1DF-E82034A07DAB}"
EndProject
Global
	GlobalSection(SolutionConfigurationPlatforms) = preSolution
		Debug|Any CPU = Debug|Any CPU
		Release|Any CPU = Release|Any CPU
	EndGlobalSection
	GlobalSection(ProjectConfigurationPlatforms) = postSolution
		{B9A41714-A45C-4165-99E8-B6B415A94A78}.Debug|Any CPU.ActiveCfg = Debug|Any CPU
		{B9A41714-A45C-4165-99E8-B6B415A94A78}.Debug|Any CPU.Build.0 = Debug|Any CPU
		{B9A41714-A45C-4165-99E8-B6B415A94A78}.Release|Any CPU.ActiveCfg = Release|Any CPU
		{B9A41714-A45C-4165-99E8-B6B415A94A78}.Release|Any CPU.Build.0 = Release|Any CPU
		{BD5FC32E-3F06-4561-9249-590C504A3288}.Debug|Any CPU.ActiveCfg = Debug|Any CPU
		{BD5FC32E-3F06-4561-9249-590C504A3288}.Debug|Any CPU.Build.0 = Debug|Any CPU
		{BD5FC32E-3F06-4561-9249-590C504A3288}.Release|Any CPU.ActiveCfg = Release|Any CPU
		{BD5FC32E-3F06-4561-9249-590C504A3288}.Release|Any CPU.Build.0 = Release|Any CPU
		{12AD23E8-F284-4AA3-B1DF-E82034A07DAB}.Debug|Any CPU.ActiveCfg = Debug|Any CPU
		{12AD23E8-F284-4AA3-B1DF-E82034A07DAB}.Debug|Any CPU.Build.0 = Debug|Any CPU
		{12AD23E8-F284-4AA3-B1DF-E82034A07DAB}.Release|Any CPU.ActiveCfg = Release|Any CPU
		{12AD23E8-F284-4AA3-B1DF-E82034A07DAB}.Release|Any CPU.Build.0 = Release|Any CPU
	EndGlobalSection
	GlobalSection(SolutionProperties) = preSolution
		HideSolutionNode = FALSE
	EndGlobalSection
	GlobalSection(ExtensibilityGlobals) = postSolution
		SolutionGuid = {665F7268-5A40-4E5E-85CD-D600ACE1A13E}
	EndGlobalSection
EndGlobal
